// !$*UTF8*$!
{
	archiveVersion = 1;
	classes = {
	};
	objectVersion = 46;
	objects = {

/* Begin PBXBuildFile section */
		AB235E2B1BBA91C8006CE5AF /* Launch_5_1136x640_1@2x.png in Resources */ = {isa = PBXBuildFile; fileRef = AB235E2A1BBA91C8006CE5AF /* Launch_5_1136x640_1@2x.png */; settings = {ASSET_TAGS = (); }; };
		AB600C501BB9A04600FD9AC2 /* main.m in Sources */ = {isa = PBXBuildFile; fileRef = AB600C4F1BB9A04600FD9AC2 /* main.m */; };
		AB600C531BB9A04600FD9AC2 /* AppDelegate.m in Sources */ = {isa = PBXBuildFile; fileRef = AB600C521BB9A04600FD9AC2 /* AppDelegate.m */; };
		AB600C561BB9A04600FD9AC2 /* ViewController.m in Sources */ = {isa = PBXBuildFile; fileRef = AB600C551BB9A04600FD9AC2 /* ViewController.m */; };
		AB600C591BB9A04600FD9AC2 /* Main.storyboard in Resources */ = {isa = PBXBuildFile; fileRef = AB600C571BB9A04600FD9AC2 /* Main.storyboard */; };
		AB600C5B1BB9A04600FD9AC2 /* Assets.xcassets in Resources */ = {isa = PBXBuildFile; fileRef = AB600C5A1BB9A04600FD9AC2 /* Assets.xcassets */; };
		AB600C5E1BB9A04600FD9AC2 /* LaunchScreen.storyboard in Resources */ = {isa = PBXBuildFile; fileRef = AB600C5C1BB9A04600FD9AC2 /* LaunchScreen.storyboard */; };
		AB600C691BB9A04600FD9AC2 /* LastStoneTests.m in Sources */ = {isa = PBXBuildFile; fileRef = AB600C681BB9A04600FD9AC2 /* LastStoneTests.m */; };
		AB600C741BB9A04700FD9AC2 /* LastStoneUITests.m in Sources */ = {isa = PBXBuildFile; fileRef = AB600C731BB9A04700FD9AC2 /* LastStoneUITests.m */; };
		AB600C851BBA467200FD9AC2 /* cdn.png in Resources */ = {isa = PBXBuildFile; fileRef = AB600C841BBA467200FD9AC2 /* cdn.png */; };
/* End PBXBuildFile section */

/* Begin PBXContainerItemProxy section */
		AB600C651BB9A04600FD9AC2 /* PBXContainerItemProxy */ = {
			isa = PBXContainerItemProxy;
			containerPortal = AB600C431BB9A04600FD9AC2 /* Project object */;
			proxyType = 1;
			remoteGlobalIDString = AB600C4A1BB9A04600FD9AC2;
			remoteInfo = LastStone;
		};
		AB600C701BB9A04700FD9AC2 /* PBXContainerItemProxy */ = {
			isa = PBXContainerItemProxy;
			containerPortal = AB600C431BB9A04600FD9AC2 /* Project object */;
			proxyType = 1;
			remoteGlobalIDString = AB600C4A1BB9A04600FD9AC2;
			remoteInfo = LastStone;
		};
/* End PBXContainerItemProxy section */

/* Begin PBXFileReference section */
		AB235E2A1BBA91C8006CE5AF /* Launch_5_1136x640_1@2x.png */ = {isa = PBXFileReference; lastKnownFileType = image.png; path = "Launch_5_1136x640_1@2x.png"; sourceTree = "<group>"; };
		AB600C4B1BB9A04600FD9AC2 /* LastStone.app */ = {isa = PBXFileReference; explicitFileType = wrapper.application; includeInIndex = 0; path = LastStone.app; sourceTree = BUILT_PRODUCTS_DIR; };
		AB600C4F1BB9A04600FD9AC2 /* main.m */ = {isa = PBXFileReference; lastKnownFileType = sourcecode.c.objc; path = main.m; sourceTree = "<group>"; };
		AB600C511BB9A04600FD9AC2 /* AppDelegate.h */ = {isa = PBXFileReference; lastKnownFileType = sourcecode.c.h; path = AppDelegate.h; sourceTree = "<group>"; };
		AB600C521BB9A04600FD9AC2 /* AppDelegate.m */ = {isa = PBXFileReference; lastKnownFileType = sourcecode.c.objc; path = AppDelegate.m; sourceTree = "<group>"; };
		AB600C541BB9A04600FD9AC2 /* ViewController.h */ = {isa = PBXFileReference; lastKnownFileType = sourcecode.c.h; path = ViewController.h; sourceTree = "<group>"; };
		AB600C551BB9A04600FD9AC2 /* ViewController.m */ = {isa = PBXFileReference; lastKnownFileType = sourcecode.c.objc; path = ViewController.m; sourceTree = "<group>"; };
		AB600C581BB9A04600FD9AC2 /* Base */ = {isa = PBXFileReference; lastKnownFileType = file.storyboard; name = Base; path = Base.lproj/Main.storyboard; sourceTree = "<group>"; };
		AB600C5A1BB9A04600FD9AC2 /* Assets.xcassets */ = {isa = PBXFileReference; lastKnownFileType = folder.assetcatalog; path = Assets.xcassets; sourceTree = "<group>"; };
		AB600C5D1BB9A04600FD9AC2 /* Base */ = {isa = PBXFileReference; lastKnownFileType = file.storyboard; name = Base; path = Base.lproj/LaunchScreen.storyboard; sourceTree = "<group>"; };
		AB600C5F1BB9A04600FD9AC2 /* Info.plist */ = {isa = PBXFileReference; lastKnownFileType = text.plist.xml; path = Info.plist; sourceTree = "<group>"; };
		AB600C641BB9A04600FD9AC2 /* LastStoneTests.xctest */ = {isa = PBXFileReference; explicitFileType = wrapper.cfbundle; includeInIndex = 0; path = LastStoneTests.xctest; sourceTree = BUILT_PRODUCTS_DIR; };
		AB600C681BB9A04600FD9AC2 /* LastStoneTests.m */ = {isa = PBXFileReference; lastKnownFileType = sourcecode.c.objc; path = LastStoneTests.m; sourceTree = "<group>"; };
		AB600C6A1BB9A04600FD9AC2 /* Info.plist */ = {isa = PBXFileReference; lastKnownFileType = text.plist.xml; path = Info.plist; sourceTree = "<group>"; };
		AB600C6F1BB9A04700FD9AC2 /* LastStoneUITests.xctest */ = {isa = PBXFileReference; explicitFileType = wrapper.cfbundle; includeInIndex = 0; path = LastStoneUITests.xctest; sourceTree = BUILT_PRODUCTS_DIR; };
		AB600C731BB9A04700FD9AC2 /* LastStoneUITests.m */ = {isa = PBXFileReference; lastKnownFileType = sourcecode.c.objc; path = LastStoneUITests.m; sourceTree = "<group>"; };
		AB600C751BB9A04700FD9AC2 /* Info.plist */ = {isa = PBXFileReference; lastKnownFileType = text.plist.xml; path = Info.plist; sourceTree = "<group>"; };
		AB600C841BBA467200FD9AC2 /* cdn.png */ = {isa = PBXFileReference; lastKnownFileType = image.png; path = cdn.png; sourceTree = "<group>"; };
/* End PBXFileReference section */

/* Begin PBXFrameworksBuildPhase section */
		AB600C481BB9A04600FD9AC2 /* Frameworks */ = {
			isa = PBXFrameworksBuildPhase;
			buildActionMask = 2147483647;
			files = (
			);
			runOnlyForDeploymentPostprocessing = 0;
		};
		AB600C611BB9A04600FD9AC2 /* Frameworks */ = {
			isa = PBXFrameworksBuildPhase;
			buildActionMask = 2147483647;
			files = (
			);
			runOnlyForDeploymentPostprocessing = 0;
		};
		AB600C6C1BB9A04600FD9AC2 /* Frameworks */ = {
			isa = PBXFrameworksBuildPhase;
			buildActionMask = 2147483647;
			files = (
			);
			runOnlyForDeploymentPostprocessing = 0;
		};
/* End PBXFrameworksBuildPhase section */

/* Begin PBXGroup section */
		AB600C421BB9A04600FD9AC2 = {
			isa = PBXGroup;
			children = (
				AB600C4D1BB9A04600FD9AC2 /* LastStone */,
				AB600C671BB9A04600FD9AC2 /* LastStoneTests */,
				AB600C721BB9A04700FD9AC2 /* LastStoneUITests */,
				AB600C4C1BB9A04600FD9AC2 /* Products */,
			);
			sourceTree = "<group>";
		};
		AB600C4C1BB9A04600FD9AC2 /* Products */ = {
			isa = PBXGroup;
			children = (
				AB600C4B1BB9A04600FD9AC2 /* LastStone.app */,
				AB600C641BB9A04600FD9AC2 /* LastStoneTests.xctest */,
				AB600C6F1BB9A04700FD9AC2 /* LastStoneUITests.xctest */,
			);
			name = Products;
			sourceTree = "<group>";
		};
		AB600C4D1BB9A04600FD9AC2 /* LastStone */ = {
			isa = PBXGroup;
			children = (
				AB600C811BBA465500FD9AC2 /* Resources */,
				AB600C511BB9A04600FD9AC2 /* AppDelegate.h */,
				AB600C521BB9A04600FD9AC2 /* AppDelegate.m */,
				AB600C541BB9A04600FD9AC2 /* ViewController.h */,
				AB600C551BB9A04600FD9AC2 /* ViewController.m */,
				AB600C571BB9A04600FD9AC2 /* Main.storyboard */,
				AB600C5A1BB9A04600FD9AC2 /* Assets.xcassets */,
				AB600C5C1BB9A04600FD9AC2 /* LaunchScreen.storyboard */,
				AB600C5F1BB9A04600FD9AC2 /* Info.plist */,
				AB600C4E1BB9A04600FD9AC2 /* Supporting Files */,
			);
			path = LastStone;
			sourceTree = "<group>";
		};
		AB600C4E1BB9A04600FD9AC2 /* Supporting Files */ = {
			isa = PBXGroup;
			children = (
				AB600C4F1BB9A04600FD9AC2 /* main.m */,
			);
			name = "Supporting Files";
			sourceTree = "<group>";
		};
		AB600C671BB9A04600FD9AC2 /* LastStoneTests */ = {
			isa = PBXGroup;
			children = (
				AB600C681BB9A04600FD9AC2 /* LastStoneTests.m */,
				AB600C6A1BB9A04600FD9AC2 /* Info.plist */,
			);
			path = LastStoneTests;
			sourceTree = "<group>";
		};
		AB600C721BB9A04700FD9AC2 /* LastStoneUITests */ = {
			isa = PBXGroup;
			children = (
				AB600C731BB9A04700FD9AC2 /* LastStoneUITests.m */,
				AB600C751BB9A04700FD9AC2 /* Info.plist */,
			);
			path = LastStoneUITests;
			sourceTree = "<group>";
		};
		AB600C811BBA465500FD9AC2 /* Resources */ = {
			isa = PBXGroup;
			children = (
				AB600C821BBA465500FD9AC2 /* images */,
				AB600C831BBA465500FD9AC2 /* strings */,
			);
			path = Resources;
			sourceTree = "<group>";
		};
		AB600C821BBA465500FD9AC2 /* images */ = {
			isa = PBXGroup;
			children = (
				AB235E2A1BBA91C8006CE5AF /* Launch_5_1136x640_1@2x.png */,
				AB600C841BBA467200FD9AC2 /* cdn.png */,
			);
			path = images;
			sourceTree = "<group>";
		};
		AB600C831BBA465500FD9AC2 /* strings */ = {
			isa = PBXGroup;
			children = (
			);
			path = strings;
			sourceTree = "<group>";
		};
/* End PBXGroup section */

/* Begin PBXNativeTarget section */
		AB600C4A1BB9A04600FD9AC2 /* LastStone */ = {
			isa = PBXNativeTarget;
			buildConfigurationList = AB600C781BB9A04700FD9AC2 /* Build configuration list for PBXNativeTarget "LastStone" */;
			buildPhases = (
				AB600C471BB9A04600FD9AC2 /* Sources */,
				AB600C481BB9A04600FD9AC2 /* Frameworks */,
				AB600C491BB9A04600FD9AC2 /* Resources */,
			);
			buildRules = (
			);
			dependencies = (
			);
			name = LastStone;
			productName = LastStone;
			productReference = AB600C4B1BB9A04600FD9AC2 /* LastStone.app */;
			productType = "com.apple.product-type.application";
		};
		AB600C631BB9A04600FD9AC2 /* LastStoneTests */ = {
			isa = PBXNativeTarget;
			buildConfigurationList = AB600C7B1BB9A04700FD9AC2 /* Build configuration list for PBXNativeTarget "LastStoneTests" */;
			buildPhases = (
				AB600C601BB9A04600FD9AC2 /* Sources */,
				AB600C611BB9A04600FD9AC2 /* Frameworks */,
				AB600C621BB9A04600FD9AC2 /* Resources */,
			);
			buildRules = (
			);
			dependencies = (
				AB600C661BB9A04600FD9AC2 /* PBXTargetDependency */,
			);
			name = LastStoneTests;
			productName = LastStoneTests;
			productReference = AB600C641BB9A04600FD9AC2 /* LastStoneTests.xctest */;
			productType = "com.apple.product-type.bundle.unit-test";
		};
		AB600C6E1BB9A04600FD9AC2 /* LastStoneUITests */ = {
			isa = PBXNativeTarget;
			buildConfigurationList = AB600C7E1BB9A04700FD9AC2 /* Build configuration list for PBXNativeTarget "LastStoneUITests" */;
			buildPhases = (
				AB600C6B1BB9A04600FD9AC2 /* Sources */,
				AB600C6C1BB9A04600FD9AC2 /* Frameworks */,
				AB600C6D1BB9A04600FD9AC2 /* Resources */,
			);
			buildRules = (
			);
			dependencies = (
				AB600C711BB9A04700FD9AC2 /* PBXTargetDependency */,
			);
			name = LastStoneUITests;
			productName = LastStoneUITests;
			productReference = AB600C6F1BB9A04700FD9AC2 /* LastStoneUITests.xctest */;
			productType = "com.apple.product-type.bundle.ui-testing";
		};
/* End PBXNativeTarget section */

/* Begin PBXProject section */
		AB600C431BB9A04600FD9AC2 /* Project object */ = {
			isa = PBXProject;
			attributes = {
				LastUpgradeCheck = 0700;
				ORGANIZATIONNAME = atleast;
				TargetAttributes = {
					AB600C4A1BB9A04600FD9AC2 = {
						CreatedOnToolsVersion = 7.0;
					};
					AB600C631BB9A04600FD9AC2 = {
						CreatedOnToolsVersion = 7.0;
						TestTargetID = AB600C4A1BB9A04600FD9AC2;
					};
					AB600C6E1BB9A04600FD9AC2 = {
						CreatedOnToolsVersion = 7.0;
						TestTargetID = AB600C4A1BB9A04600FD9AC2;
					};
				};
			};
			buildConfigurationList = AB600C461BB9A04600FD9AC2 /* Build configuration list for PBXProject "LastStone" */;
			compatibilityVersion = "Xcode 3.2";
			developmentRegion = English;
			hasScannedForEncodings = 0;
			knownRegions = (
				en,
				Base,
			);
			mainGroup = AB600C421BB9A04600FD9AC2;
			productRefGroup = AB600C4C1BB9A04600FD9AC2 /* Products */;
			projectDirPath = "";
			projectRoot = "";
			targets = (
				AB600C4A1BB9A04600FD9AC2 /* LastStone */,
				AB600C631BB9A04600FD9AC2 /* LastStoneTests */,
				AB600C6E1BB9A04600FD9AC2 /* LastStoneUITests */,
			);
		};
/* End PBXProject section */

/* Begin PBXResourcesBuildPhase section */
		AB600C491BB9A04600FD9AC2 /* Resources */ = {
			isa = PBXResourcesBuildPhase;
			buildActionMask = 2147483647;
			files = (
				AB600C5E1BB9A04600FD9AC2 /* LaunchScreen.storyboard in Resources */,
				AB600C5B1BB9A04600FD9AC2 /* Assets.xcassets in Resources */,
				AB600C591BB9A04600FD9AC2 /* Main.storyboard in Resources */,
				AB235E2B1BBA91C8006CE5AF /* Launch_5_1136x640_1@2x.png in Resources */,
				AB600C851BBA467200FD9AC2 /* cdn.png in Resources */,
			);
			runOnlyForDeploymentPostprocessing = 0;
		};
		AB600C621BB9A04600FD9AC2 /* Resources */ = {
			isa = PBXResourcesBuildPhase;
			buildActionMask = 2147483647;
			files = (
			);
			runOnlyForDeploymentPostprocessing = 0;
		};
		AB600C6D1BB9A04600FD9AC2 /* Resources */ = {
			isa = PBXResourcesBuildPhase;
			buildActionMask = 2147483647;
			files = (
			);
			runOnlyForDeploymentPostprocessing = 0;
		};
/* End PBXResourcesBuildPhase section */

/* Begin PBXSourcesBuildPhase section */
		AB600C471BB9A04600FD9AC2 /* Sources */ = {
			isa = PBXSourcesBuildPhase;
			buildActionMask = 2147483647;
			files = (
				AB600C561BB9A04600FD9AC2 /* ViewController.m in Sources */,
				AB600C531BB9A04600FD9AC2 /* AppDelegate.m in Sources */,
				AB600C501BB9A04600FD9AC2 /* main.m in Sources */,
			);
			runOnlyForDeploymentPostprocessing = 0;
		};
		AB600C601BB9A04600FD9AC2 /* Sources */ = {
			isa = PBXSourcesBuildPhase;
			buildActionMask = 2147483647;
			files = (
				AB600C691BB9A04600FD9AC2 /* LastStoneTests.m in Sources */,
			);
			runOnlyForDeploymentPostprocessing = 0;
		};
		AB600C6B1BB9A04600FD9AC2 /* Sources */ = {
			isa = PBXSourcesBuildPhase;
			buildActionMask = 2147483647;
			files = (
				AB600C741BB9A04700FD9AC2 /* LastStoneUITests.m in Sources */,
			);
			runOnlyForDeploymentPostprocessing = 0;
		};
/* End PBXSourcesBuildPhase section */

/* Begin PBXTargetDependency section */
		AB600C661BB9A04600FD9AC2 /* PBXTargetDependency */ = {
			isa = PBXTargetDependency;
			target = AB600C4A1BB9A04600FD9AC2 /* LastStone */;
			targetProxy = AB600C651BB9A04600FD9AC2 /* PBXContainerItemProxy */;
		};
		AB600C711BB9A04700FD9AC2 /* PBXTargetDependency */ = {
			isa = PBXTargetDependency;
			target = AB600C4A1BB9A04600FD9AC2 /* LastStone */;
			targetProxy = AB600C701BB9A04700FD9AC2 /* PBXContainerItemProxy */;
		};
/* End PBXTargetDependency section */

/* Begin PBXVariantGroup section */
		AB600C571BB9A04600FD9AC2 /* Main.storyboard */ = {
			isa = PBXVariantGroup;
			children = (
				AB600C581BB9A04600FD9AC2 /* Base */,
			);
			name = Main.storyboard;
			sourceTree = "<group>";
		};
		AB600C5C1BB9A04600FD9AC2 /* LaunchScreen.storyboard */ = {
			isa = PBXVariantGroup;
			children = (
				AB600C5D1BB9A04600FD9AC2 /* Base */,
			);
			name = LaunchScreen.storyboard;
			sourceTree = "<group>";
		};
/* End PBXVariantGroup section */

/* Begin XCBuildConfiguration section */
		AB600C761BB9A04700FD9AC2 /* Debug */ = {
			isa = XCBuildConfiguration;
			buildSettings = {
				ALWAYS_SEARCH_USER_PATHS = NO;
				CLANG_CXX_LANGUAGE_STANDARD = "gnu++0x";
				CLANG_CXX_LIBRARY = "libc++";
				CLANG_ENABLE_MODULES = YES;
				CLANG_ENABLE_OBJC_ARC = YES;
				CLANG_WARN_BOOL_CONVERSION = YES;
				CLANG_WARN_CONSTANT_CONVERSION = YES;
				CLANG_WARN_DIRECT_OBJC_ISA_USAGE = YES_ERROR;
				CLANG_WARN_EMPTY_BODY = YES;
				CLANG_WARN_ENUM_CONVERSION = YES;
				CLANG_WARN_INT_CONVERSION = YES;
				CLANG_WARN_OBJC_ROOT_CLASS = YES_ERROR;
				CLANG_WARN_UNREACHABLE_CODE = YES;
				CLANG_WARN__DUPLICATE_METHOD_MATCH = YES;
				"CODE_SIGN_IDENTITY[sdk=iphoneos*]" = "iPhone Developer";
				COPY_PHASE_STRIP = NO;
				DEBUG_INFORMATION_FORMAT = dwarf;
				ENABLE_STRICT_OBJC_MSGSEND = YES;
				ENABLE_TESTABILITY = YES;
				GCC_C_LANGUAGE_STANDARD = gnu99;
				GCC_DYNAMIC_NO_PIC = NO;
				GCC_NO_COMMON_BLOCKS = YES;
				GCC_OPTIMIZATION_LEVEL = 0;
				GCC_PREPROCESSOR_DEFINITIONS = (
					"DEBUG=1",
					"$(inherited)",
				);
				GCC_WARN_64_TO_32_BIT_CONVERSION = YES;
				GCC_WARN_ABOUT_RETURN_TYPE = YES_ERROR;
				GCC_WARN_UNDECLARED_SELECTOR = YES;
				GCC_WARN_UNINITIALIZED_AUTOS = YES_AGGRESSIVE;
				GCC_WARN_UNUSED_FUNCTION = YES;
				GCC_WARN_UNUSED_VARIABLE = YES;
				IPHONEOS_DEPLOYMENT_TARGET = 9.0;
				MTL_ENABLE_DEBUG_INFO = YES;
				ONLY_ACTIVE_ARCH = YES;
				SDKROOT = iphoneos;
			};
			name = Debug;
		};
		AB600C771BB9A04700FD9AC2 /* Release */ = {
			isa = XCBuildConfiguration;
			buildSettings = {
				ALWAYS_SEARCH_USER_PATHS = NO;
				CLANG_CXX_LANGUAGE_STANDARD = "gnu++0x";
				CLANG_CXX_LIBRARY = "libc++";
				CLANG_ENABLE_MODULES = YES;
				CLANG_ENABLE_OBJC_ARC = YES;
				CLANG_WARN_BOOL_CONVERSION = YES;
				CLANG_WARN_CONSTANT_CONVERSION = YES;
				CLANG_WARN_DIRECT_OBJC_ISA_USAGE = YES_ERROR;
				CLANG_WARN_EMPTY_BODY = YES;
				CLANG_WARN_ENUM_CONVERSION = YES;
				CLANG_WARN_INT_CONVERSION = YES;
				CLANG_WARN_OBJC_ROOT_CLASS = YES_ERROR;
				CLANG_WARN_UNREACHABLE_CODE = YES;
				CLANG_WARN__DUPLICATE_METHOD_MATCH = YES;
				"CODE_SIGN_IDENTITY[sdk=iphoneos*]" = "iPhone Developer";
				COPY_PHASE_STRIP = NO;
				DEBUG_INFORMATION_FORMAT = "dwarf-with-dsym";
				ENABLE_NS_ASSERTIONS = NO;
				ENABLE_STRICT_OBJC_MSGSEND = YES;
				GCC_C_LANGUAGE_STANDARD = gnu99;
				GCC_NO_COMMON_BLOCKS = YES;
				GCC_WARN_64_TO_32_BIT_CONVERSION = YES;
				GCC_WARN_ABOUT_RETURN_TYPE = YES_ERROR;
				GCC_WARN_UNDECLARED_SELECTOR = YES;
				GCC_WARN_UNINITIALIZED_AUTOS = YES_AGGRESSIVE;
				GCC_WARN_UNUSED_FUNCTION = YES;
				GCC_WARN_UNUSED_VARIABLE = YES;
				IPHONEOS_DEPLOYMENT_TARGET = 9.0;
				MTL_ENABLE_DEBUG_INFO = NO;
				SDKROOT = iphoneos;
				VALIDATE_PRODUCT = YES;
			};
			name = Release;
		};
		AB600C791BB9A04700FD9AC2 /* Debug */ = {
			isa = XCBuildConfiguration;
			buildSettings = {
				ASSETCATALOG_COMPILER_APPICON_NAME = AppIcon;
				INFOPLIST_FILE = LastStone/Info.plist;
				IPHONEOS_DEPLOYMENT_TARGET = 8.0;
				LD_RUNPATH_SEARCH_PATHS = "$(inherited) @executable_path/Frameworks";
				PRODUCT_BUNDLE_IDENTIFIER = com.atleast.LastStone;
				PRODUCT_NAME = "$(TARGET_NAME)";
			};
			name = Debug;
		};
		AB600C7A1BB9A04700FD9AC2 /* Release */ = {
			isa = XCBuildConfiguration;
			buildSettings = {
				ASSETCATALOG_COMPILER_APPICON_NAME = AppIcon;
				INFOPLIST_FILE = LastStone/Info.plist;
				IPHONEOS_DEPLOYMENT_TARGET = 8.0;
				LD_RUNPATH_SEARCH_PATHS = "$(inherited) @executable_path/Frameworks";
				PRODUCT_BUNDLE_IDENTIFIER = com.atleast.LastStone;
				PRODUCT_NAME = "$(TARGET_NAME)";
			};
			name = Release;
		};
		AB600C7C1BB9A04700FD9AC2 /* Debug */ = {
			isa = XCBuildConfiguration;
			buildSettings = {
				BUNDLE_LOADER = "$(TEST_HOST)";
				INFOPLIST_FILE = LastStoneTests/Info.plist;
				IPHONEOS_DEPLOYMENT_TARGET = 8.0;
				LD_RUNPATH_SEARCH_PATHS = "$(inherited) @executable_path/Frameworks @loader_path/Frameworks";
				PRODUCT_BUNDLE_IDENTIFIER = com.atleast.LastStoneTests;
				PRODUCT_NAME = "$(TARGET_NAME)";
				TEST_HOST = "$(BUILT_PRODUCTS_DIR)/LastStone.app/LastStone";
			};
			name = Debug;
		};
		AB600C7D1BB9A04700FD9AC2 /* Release */ = {
			isa = XCBuildConfiguration;
			buildSettings = {
				BUNDLE_LOADER = "$(TEST_HOST)";
				INFOPLIST_FILE = LastStoneTests/Info.plist;
				IPHONEOS_DEPLOYMENT_TARGET = 8.0;
				LD_RUNPATH_SEARCH_PATHS = "$(inherited) @executable_path/Frameworks @loader_path/Frameworks";
				PRODUCT_BUNDLE_IDENTIFIER = com.atleast.LastStoneTests;
				PRODUCT_NAME = "$(TARGET_NAME)";
				TEST_HOST = "$(BUILT_PRODUCTS_DIR)/LastStone.app/LastStone";
			};
			name = Release;
		};
		AB600C7F1BB9A04700FD9AC2 /* Debug */ = {
			isa = XCBuildConfiguration;
			buildSettings = {
				INFOPLIST_FILE = LastStoneUITests/Info.plist;
				IPHONEOS_DEPLOYMENT_TARGET = 8.0;
				LD_RUNPATH_SEARCH_PATHS = "$(inherited) @executable_path/Frameworks @loader_path/Frameworks";
				PRODUCT_BUNDLE_IDENTIFIER = com.atleast.LastStoneUITests;
				PRODUCT_NAME = "$(TARGET_NAME)";
				TEST_TARGET_NAME = LastStone;
				USES_XCTRUNNER = YES;
			};
			name = Debug;
		};
		AB600C801BB9A04700FD9AC2 /* Release */ = {
			isa = XCBuildConfiguration;
			buildSettings = {
				INFOPLIST_FILE = LastStoneUITests/Info.plist;
				IPHONEOS_DEPLOYMENT_TARGET = 8.0;
				LD_RUNPATH_SEARCH_PATHS = "$(inherited) @executable_path/Frameworks @loader_path/Frameworks";
				PRODUCT_BUNDLE_IDENTIFIER = com.atleast.LastStoneUITests;
				PRODUCT_NAME = "$(TARGET_NAME)";
				TEST_TARGET_NAME = LastStone;
				USES_XCTRUNNER = YES;
			};
			name = Release;
		};
/* End XCBuildConfiguration section */

/* Begin XCConfigurationList section */
		AB600C461BB9A04600FD9AC2 /* Build configuration list for PBXProject "LastStone" */ = {
			isa = XCConfigurationList;
			buildConfigurations = (
				AB600C761BB9A04700FD9AC2 /* Debug */,
				AB600C771BB9A04700FD9AC2 /* Release */,
			);
			defaultConfigurationIsVisible = 0;
			defaultConfigurationName = Release;
		};
		AB600C781BB9A04700FD9AC2 /* Build configuration list for PBXNativeTarget "LastStone" */ = {
			isa = XCConfigurationList;
			buildConfigurations = (
				AB600C791BB9A04700FD9AC2 /* Debug */,
				AB600C7A1BB9A04700FD9AC2 /* Release */,
			);
			defaultConfigurationIsVisible = 0;
			defaultConfigurationName = Release;
		};
		AB600C7B1BB9A04700FD9AC2 /* Build configuration list for PBXNativeTarget "LastStoneTests" */ = {
			isa = XCConfigurationList;
			buildConfigurations = (
				AB600C7C1BB9A04700FD9AC2 /* Debug */,
				AB600C7D1BB9A04700FD9AC2 /* Release */,
			);
			defaultConfigurationIsVisible = 0;
			defaultConfigurationName = Release;
		};
		AB600C7E1BB9A04700FD9AC2 /* Build configuration list for PBXNativeTarget "LastStoneUITests" */ = {
			isa = XCConfigurationList;
			buildConfigurations = (
				AB600C7F1BB9A04700FD9AC2 /* Debug */,
				AB600C801BB9A04700FD9AC2 /* Release */,
			);
			defaultConfigurationIsVisible = 0;
			defaultConfigurationName = Release;
		};
/* End XCConfigurationList section */
	};
	rootObject = AB600C431BB9A04600FD9AC2 /* Project object */;
}
